<?xml version="1.0" encoding="utf-8"?>
<Project ToolsVersion="4.0" xmlns="http://schemas.microsoft.com/developer/msbuild/2003">
  <ItemGroup>
    <Filter Include="Source Files">
      <UniqueIdentifier>{4FC737F1-C7A5-4376-A066-2A32D752A2FF}</UniqueIdentifier>
      <Extensions>cpp;c;cc;cxx;def;odl;idl;hpj;bat;asm;asmx</Extensions>
    </Filter>
    <Filter Include="Header Files">
      <UniqueIdentifier>{93995380-89BD-4b04-88EB-625FBE52EBFB}</UniqueIdentifier>
      <Extensions>h;hh;hpp;hxx;hm;inl;inc;xsd</Extensions>
    </Filter>
    <Filter Include="Resource Files">
      <UniqueIdentifier>{D9D6E242-F8AF-46E4-B9FD-80ECBC20BA3E}</UniqueIdentifier>
      <Extensions>qrc;*</Extensions>
      <ParseFiles>false</ParseFiles>
    </Filter>
    <Filter Include="Form Files">
      <UniqueIdentifier>{99349809-55BA-4b9d-BF79-8FDBB0286EB3}</UniqueIdentifier>
      <Extensions>ui</Extensions>
    </Filter>
    <Filter Include="Resource Files">
      <UniqueIdentifier>{D9D6E242-F8AF-46E4-B9FD-80ECBC20BA3E}</UniqueIdentifier>
      <Extensions>qrc;*</Extensions>
      <ParseFiles>false</ParseFiles>
    </Filter>
    <Filter Include="Generated Files">
      <UniqueIdentifier>{71ED8ED8-ACB9-4CE9-BBE1-E00B30144E11}</UniqueIdentifier>
      <Extensions>moc;h;cpp</Extensions>
      <SourceControlFiles>False</SourceControlFiles>
    </Filter>
  </ItemGroup>
  <ItemGroup>
    <ClCompile Include="main.cpp">
      <Filter>Source Files</Filter>
    </ClCompile>
    <ClCompile Include="QtGuiApplication5.cpp">
      <Filter>Source Files</Filter>
    </ClCompile>
    <ClCompile Include="QtGuiClass.cpp">
      <Filter>Source Files</Filter>
    </ClCompile>
    <ClCompile Include="search_book.cpp">
      <Filter>Source Files</Filter>
    </ClCompile>
    <ClCompile Include="adminitor_con.cpp">
      <Filter>Source Files</Filter>
    </ClCompile>
    <ClCompile Include="fail.cpp">
      <Filter>Source Files</Filter>
    </ClCompile>
    <ClCompile Include="success.cpp">
      <Filter>Source Files</Filter>
    </ClCompile>
    <ClCompile Include="scan_input.cpp">
      <Filter>Source Files</Filter>
    </ClCompile>
    <ClCompile Include="personal_cen.cpp">
      <Filter>Source Files</Filter>
    </ClCompile>
    <ClCompile Include="search_book_result_no.cpp">
      <Filter>Source Files</Filter>
    </ClCompile>
    <ClCompile Include="search_book_man.cpp">
      <Filter>Source Files</Filter>
    </ClCompile>
    <ClCompile Include="search_book_result_man.cpp">
      <Filter>Source Files</Filter>
    </ClCompile>
    <ClCompile Include="personal_change_password.cpp">
      <Filter>Source Files</Filter>
    </ClCompile>
    <ClCompile Include="personal_change_name.cpp">
      <Filter>Source Files</Filter>
    </ClCompile>
    <ClCompile Include="borrow_return_book.cpp">
      <Filter>Source Files</Filter>
    </ClCompile>
  </ItemGroup>
  <ItemGroup>
    <QtMoc Include="QtGuiApplication5.h">
      <Filter>Header Files</Filter>
    </QtMoc>
    <QtMoc Include="QtGuiClass.h">
      <Filter>Header Files</Filter>
    </QtMoc>
    <QtMoc Include="search_book.h">
      <Filter>Header Files</Filter>
    </QtMoc>
    <QtMoc Include="adminitor_con.h">
      <Filter>Header Files</Filter>
    </QtMoc>
    <QtMoc Include="fail.h">
      <Filter>Header Files</Filter>
    </QtMoc>
    <QtMoc Include="success.h">
      <Filter>Header Files</Filter>
    </QtMoc>
    <QtMoc Include="scan_input.h">
      <Filter>Header Files</Filter>
    </QtMoc>
    <QtMoc Include="personal_cen.h">
      <Filter>Header Files</Filter>
    </QtMoc>
    <QtMoc Include="search_book_result_no.h">
      <Filter>Header Files</Filter>
    </QtMoc>
    <QtMoc Include="search_book_man.h">
      <Filter>Header Files</Filter>
    </QtMoc>
    <QtMoc Include="search_book_result_man.h">
      <Filter>Header Files</Filter>
    </QtMoc>
    <QtMoc Include="personal_change_password.h">
      <Filter>Header Files</Filter>
    </QtMoc>
    <QtMoc Include="personal_change_name.h">
      <Filter>Header Files</Filter>
    </QtMoc>
    <QtMoc Include="borrow_return_book.h">
      <Filter>Header Files</Filter>
    </QtMoc>
  </ItemGroup>
  <ItemGroup>
    <QtUic Include="QtGuiApplication5.ui">
      <Filter>Form Files</Filter>
    </QtUic>
    <QtUic Include="QtGuiClass.ui">
      <Filter>Form Files</Filter>
    </QtUic>
    <QtUic Include="search_book.ui">
      <Filter>Form Files</Filter>
    </QtUic>
    <QtUic Include="adminitor_con.ui">
      <Filter>Form Files</Filter>
    </QtUic>
    <QtUic Include="fail.ui">
      <Filter>Form Files</Filter>
    </QtUic>
    <QtUic Include="success.ui">
      <Filter>Form Files</Filter>
    </QtUic>
    <QtUic Include="scan_input.ui">
      <Filter>Form Files</Filter>
    </QtUic>
    <QtUic Include="personal_cen.ui">
      <Filter>Form Files</Filter>
    </QtUic>
    <QtUic Include="search_book_result_no.ui">
      <Filter>Form Files</Filter>
    </QtUic>
    <QtUic Include="search_book_man.ui">
      <Filter>Form Files</Filter>
    </QtUic>
    <QtUic Include="search_book_result_man.ui">
      <Filter>Form Files</Filter>
    </QtUic>
    <QtUic Include="personal_change_password.ui">
      <Filter>Form Files</Filter>
    </QtUic>
    <QtUic Include="personal_change_name.ui">
      <Filter>Form Files</Filter>
    </QtUic>
    <QtUic Include="borrow_return_book.ui">
      <Filter>Form Files</Filter>
    </QtUic>
  </ItemGroup>
  <ItemGroup>
    <QtRcc Include="QtGuiApplication5.qrc">
      <Filter>Resource Files</Filter>
    </QtRcc>
  </ItemGroup>
</Project>